PODS:
  - EFCMark (0.0.2)
  - EFMarkdown (4.1.0):
    - EFCMark (= 0.0.2)

DEPENDENCIES:
  - EFCMark (= 0.0.2)
  - EFMarkdown (from `../`)

SPEC REPOS:
  https://github.com/cocoapods/specs.git:
    - EFCMark

EXTERNAL SOURCES:
  EFMarkdown:
    :path: "../"

SPEC CHECKSUMS:
  EFCMark: 78fb32ed4107c8efc640ad9d20ac31cd44ce2046
  EFMarkdown: d6373ec870be9ab8186c2409c1194e477377c014

PODFILE CHECKSUM: 6372d2742cd7a5195bce87d2af70e73569dc2d8e

COCOAPODS: 1.6.0.beta.2
